
Microsoft Visual Studio Solution File, Format Version 10.00
# Visual Studio 2008
Project("{F184B08F-C81C-45F6-A57F-5ABD9991F28F}") = "cuc", "cuc.vbproj", "{4C24CB59-73B0-46C5-8B0E-CF0FBD37FD8B}"
EndProject
Project("{FAE04EC0-301F-11D3-BF4B-00C04F79EFBC}") = "Extras", "Extras\Extras\Extras.csproj", "{DDBDEDAC-CB41-46E6-A940-C8306B4154B1}"
EndProject
Project("{FAE04EC0-301F-11D3-BF4B-00C04F79EFBC}") = "Win32Security", "e:\gotdotnet\security\v0.5_GotDotNet\Win32Security\Win32Security.csproj", "{79981FF2-BB63-47C8-937C-88792A800E2F}"
EndProject
Project("{FAE04EC0-301F-11D3-BF4B-00C04F79EFBC}") = "cucsharp", "cucsharp\cucsharp.csproj", "{8F6C2720-DD6A-4406-B5AA-93C2AD04255F}"
EndProject
Global
	GlobalSection(SolutionConfigurationPlatforms) = preSolution
		Debug|Any CPU = Debug|Any CPU
		Release|Any CPU = Release|Any CPU
	EndGlobalSection
	GlobalSection(ProjectConfigurationPlatforms) = postSolution
		{4C24CB59-73B0-46C5-8B0E-CF0FBD37FD8B}.Debug|Any CPU.ActiveCfg = Debug|Any CPU
		{4C24CB59-73B0-46C5-8B0E-CF0FBD37FD8B}.Debug|Any CPU.Build.0 = Debug|Any CPU
		{4C24CB59-73B0-46C5-8B0E-CF0FBD37FD8B}.Release|Any CPU.ActiveCfg = Release|Any CPU
		{4C24CB59-73B0-46C5-8B0E-CF0FBD37FD8B}.Release|Any CPU.Build.0 = Release|Any CPU
		{DDBDEDAC-CB41-46E6-A940-C8306B4154B1}.Debug|Any CPU.ActiveCfg = Debug|Any CPU
		{DDBDEDAC-CB41-46E6-A940-C8306B4154B1}.Debug|Any CPU.Build.0 = Debug|Any CPU
		{DDBDEDAC-CB41-46E6-A940-C8306B4154B1}.Release|Any CPU.ActiveCfg = Release|Any CPU
		{DDBDEDAC-CB41-46E6-A940-C8306B4154B1}.Release|Any CPU.Build.0 = Release|Any CPU
		{79981FF2-BB63-47C8-937C-88792A800E2F}.Debug|Any CPU.ActiveCfg = Debug|Any CPU
		{79981FF2-BB63-47C8-937C-88792A800E2F}.Debug|Any CPU.Build.0 = Debug|Any CPU
		{79981FF2-BB63-47C8-937C-88792A800E2F}.Release|Any CPU.ActiveCfg = Release|Any CPU
		{79981FF2-BB63-47C8-937C-88792A800E2F}.Release|Any CPU.Build.0 = Release|Any CPU
		{8F6C2720-DD6A-4406-B5AA-93C2AD04255F}.Debug|Any CPU.ActiveCfg = Debug|Any CPU
		{8F6C2720-DD6A-4406-B5AA-93C2AD04255F}.Debug|Any CPU.Build.0 = Debug|Any CPU
		{8F6C2720-DD6A-4406-B5AA-93C2AD04255F}.Release|Any CPU.ActiveCfg = Release|Any CPU
		{8F6C2720-DD6A-4406-B5AA-93C2AD04255F}.Release|Any CPU.Build.0 = Release|Any CPU
	EndGlobalSection
	GlobalSection(SolutionProperties) = preSolution
		HideSolutionNode = FALSE
	EndGlobalSection
EndGlobal
